{
  "name": "fun-campus",
  "lockfileVersion": 2,
  "requires": true,
  "packages": {
    "": {
      "dependencies": {
        "@dcloudio/uni-ui": "^1.5.11",
        "uni-ui": "^1.0.0"
      }
    },
    "node_modules/@dcloudio/uni-ui": {
      "version": "1.5.11",
      "resolved": "https://registry.npmmirror.com/@dcloudio/uni-ui/-/uni-ui-1.5.11.tgz",
      "integrity": "sha512-DBtk046ofmeFd82zRI7d89SoEwrAxYzUN3WVPm1DIBkpLPG5F5QDNkHMnZGu2wNrMEmGBjBpUh3vqEY1L3jaMw=="
    },
    "node_modules/uni-ui": {
      "version": "1.0.0",
      "resolved": "https://registry.npmmirror.com/uni-ui/-/uni-ui-1.0.0.tgz",
      "integrity": "sha512-NDN1mfZhMa0FCnEt3vyqBcNUCHcz+At2+OgcPakCwm3SsXeKZ8Qk7u60CpxqVmhnk14jhgJdxgtCpwx1yW96VQ=="
    }
  },
  "dependencies": {
    "@dcloudio/uni-ui": {
      "version": "1.5.11",
      "resolved": "https://registry.npmmirror.com/@dcloudio/uni-ui/-/uni-ui-1.5.11.tgz",
      "integrity": "sha512-DBtk046ofmeFd82zRI7d89SoEwrAxYzUN3WVPm1DIBkpLPG5F5QDNkHMnZGu2wNrMEmGBjBpUh3vqEY1L3jaMw=="
    },
    "uni-ui": {
      "version": "1.0.0",
      "resolved": "https://registry.npmmirror.com/uni-ui/-/uni-ui-1.0.0.tgz",
      "integrity": "sha512-NDN1mfZhMa0FCnEt3vyqBcNUCHcz+At2+OgcPakCwm3SsXeKZ8Qk7u60CpxqVmhnk14jhgJdxgtCpwx1yW96VQ=="
    }
  }
}
